
Microsoft Visual Studio Solution File, Format Version 12.00
# Visual Studio Version 17
VisualStudioVersion = 17.0.31903.59
MinimumVisualStudioVersion = 10.0.40219.1
Project("{FAE04EC0-301F-11D3-BF4B-00C04F79EFBC}") = "ProjectManagement.WebApp", "ProjectManagement.WebApp\ProjectManagement.WebApp.csproj", "{02B2DA1B-F84B-47A8-AB2F-60B31B1C4F31}"
EndProject
Project("{FAE04EC0-301F-11D3-BF4B-00C04F79EFBC}") = "ProjectManagement.Domain", "ProjectManagement.Domain\ProjectManagement.Domain.csproj", "{94C55795-36E9-423F-8BFD-B94E2525067A}"
EndProject
Project("{FAE04EC0-301F-11D3-BF4B-00C04F79EFBC}") = "ProjectManagement.DataAccess", "ProjectManagement.DataAccess\ProjectManagement.DataAccess.csproj", "{9EA2880C-14E3-4D17-935F-C8798AD97089}"
EndProject
Project("{FAE04EC0-301F-11D3-BF4B-00C04F79EFBC}") = "ProjectManagement.Services", "ProjectManagement.Services\ProjectManagement.Services.csproj", "{91F6945F-EC56-41AA-8672-CA4A6CF63D84}"
EndProject
Global
	GlobalSection(SolutionConfigurationPlatforms) = preSolution
		Debug|Any CPU = Debug|Any CPU
		Release|Any CPU = Release|Any CPU
	EndGlobalSection
	GlobalSection(SolutionProperties) = preSolution
		HideSolutionNode = FALSE
	EndGlobalSection
	GlobalSection(ProjectConfigurationPlatforms) = postSolution
		{02B2DA1B-F84B-47A8-AB2F-60B31B1C4F31}.Debug|Any CPU.ActiveCfg = Debug|Any CPU
		{02B2DA1B-F84B-47A8-AB2F-60B31B1C4F31}.Debug|Any CPU.Build.0 = Debug|Any CPU
		{02B2DA1B-F84B-47A8-AB2F-60B31B1C4F31}.Release|Any CPU.ActiveCfg = Release|Any CPU
		{02B2DA1B-F84B-47A8-AB2F-60B31B1C4F31}.Release|Any CPU.Build.0 = Release|Any CPU
		{94C55795-36E9-423F-8BFD-B94E2525067A}.Debug|Any CPU.ActiveCfg = Debug|Any CPU
		{94C55795-36E9-423F-8BFD-B94E2525067A}.Debug|Any CPU.Build.0 = Debug|Any CPU
		{94C55795-36E9-423F-8BFD-B94E2525067A}.Release|Any CPU.ActiveCfg = Release|Any CPU
		{94C55795-36E9-423F-8BFD-B94E2525067A}.Release|Any CPU.Build.0 = Release|Any CPU
		{9EA2880C-14E3-4D17-935F-C8798AD97089}.Debug|Any CPU.ActiveCfg = Debug|Any CPU
		{9EA2880C-14E3-4D17-935F-C8798AD97089}.Debug|Any CPU.Build.0 = Debug|Any CPU
		{9EA2880C-14E3-4D17-935F-C8798AD97089}.Release|Any CPU.ActiveCfg = Release|Any CPU
		{9EA2880C-14E3-4D17-935F-C8798AD97089}.Release|Any CPU.Build.0 = Release|Any CPU
		{91F6945F-EC56-41AA-8672-CA4A6CF63D84}.Debug|Any CPU.ActiveCfg = Debug|Any CPU
		{91F6945F-EC56-41AA-8672-CA4A6CF63D84}.Debug|Any CPU.Build.0 = Debug|Any CPU
		{91F6945F-EC56-41AA-8672-CA4A6CF63D84}.Release|Any CPU.ActiveCfg = Release|Any CPU
		{91F6945F-EC56-41AA-8672-CA4A6CF63D84}.Release|Any CPU.Build.0 = Release|Any CPU
	EndGlobalSection
EndGlobal
